// !$*UTF8*$!
{
	archiveVersion = 1;
	classes = {
	};
	objectVersion = 50;
	objects = {

/* Begin PBXBuildFile section */
		417C87A0264D608200088452 /* AppDelegate.swift in Sources */ = {isa = PBXBuildFile; fileRef = 417C879F264D608200088452 /* AppDelegate.swift */; };
		417C87A2264D608200088452 /* SceneDelegate.swift in Sources */ = {isa = PBXBuildFile; fileRef = 417C87A1264D608200088452 /* SceneDelegate.swift */; };
		417C87A4264D608200088452 /* ViewController.swift in Sources */ = {isa = PBXBuildFile; fileRef = 417C87A3264D608200088452 /* ViewController.swift */; };
		417C87A7264D608200088452 /* Main.storyboard in Resources */ = {isa = PBXBuildFile; fileRef = 417C87A5264D608200088452 /* Main.storyboard */; };
		417C87A9264D608800088452 /* Assets.xcassets in Resources */ = {isa = PBXBuildFile; fileRef = 417C87A8264D608800088452 /* Assets.xcassets */; };
		417C87AC264D608800088452 /* LaunchScreen.storyboard in Resources */ = {isa = PBXBuildFile; fileRef = 417C87AA264D608800088452 /* LaunchScreen.storyboard */; };
		417C87B7264D608900088452 /* CoordinatorExampleTests.swift in Sources */ = {isa = PBXBuildFile; fileRef = 417C87B6264D608900088452 /* CoordinatorExampleTests.swift */; };
		417C87C2264D608900088452 /* CoordinatorExampleUITests.swift in Sources */ = {isa = PBXBuildFile; fileRef = 417C87C1264D608900088452 /* CoordinatorExampleUITests.swift */; };
		417C87D4264D611A00088452 /* Coordinator.swift in Sources */ = {isa = PBXBuildFile; fileRef = 417C87D3264D611A00088452 /* Coordinator.swift */; };
		417C87D9264D615100088452 /* Storyboarded.swift in Sources */ = {isa = PBXBuildFile; fileRef = 417C87D8264D615100088452 /* Storyboarded.swift */; };
		417C87DF264D61F600088452 /* MainCoordinator.swift in Sources */ = {isa = PBXBuildFile; fileRef = 417C87DE264D61F600088452 /* MainCoordinator.swift */; };
		417C87E7264D62D400088452 /* BuyViewController.swift in Sources */ = {isa = PBXBuildFile; fileRef = 417C87E6264D62D400088452 /* BuyViewController.swift */; };
		417C87EC264D633700088452 /* AccountViewController.swift in Sources */ = {isa = PBXBuildFile; fileRef = 417C87EB264D633700088452 /* AccountViewController.swift */; };
		417C87F5264D65DB00088452 /* Extensions.swift in Sources */ = {isa = PBXBuildFile; fileRef = 417C87F4264D65DB00088452 /* Extensions.swift */; };
/* End PBXBuildFile section */

/* Begin PBXContainerItemProxy section */
		417C87B3264D608900088452 /* PBXContainerItemProxy */ = {
			isa = PBXContainerItemProxy;
			containerPortal = 417C8794264D608200088452 /* Project object */;
			proxyType = 1;
			remoteGlobalIDString = 417C879B264D608200088452;
			remoteInfo = CoordinatorExample;
		};
		417C87BE264D608900088452 /* PBXContainerItemProxy */ = {
			isa = PBXContainerItemProxy;
			containerPortal = 417C8794264D608200088452 /* Project object */;
			proxyType = 1;
			remoteGlobalIDString = 417C879B264D608200088452;
			remoteInfo = CoordinatorExample;
		};
/* End PBXContainerItemProxy section */

/* Begin PBXFileReference section */
		417C879C264D608200088452 /* CoordinatorExample.app */ = {isa = PBXFileReference; explicitFileType = wrapper.application; includeInIndex = 0; path = CoordinatorExample.app; sourceTree = BUILT_PRODUCTS_DIR; };
		417C879F264D608200088452 /* AppDelegate.swift */ = {isa = PBXFileReference; lastKnownFileType = sourcecode.swift; path = AppDelegate.swift; sourceTree = "<group>"; };
		417C87A1264D608200088452 /* SceneDelegate.swift */ = {isa = PBXFileReference; lastKnownFileType = sourcecode.swift; path = SceneDelegate.swift; sourceTree = "<group>"; };
		417C87A3264D608200088452 /* ViewController.swift */ = {isa = PBXFileReference; lastKnownFileType = sourcecode.swift; path = ViewController.swift; sourceTree = "<group>"; };
		417C87A6264D608200088452 /* Base */ = {isa = PBXFileReference; lastKnownFileType = file.storyboard; name = Base; path = Base.lproj/Main.storyboard; sourceTree = "<group>"; };
		417C87A8264D608800088452 /* Assets.xcassets */ = {isa = PBXFileReference; lastKnownFileType = folder.assetcatalog; path = Assets.xcassets; sourceTree = "<group>"; };
		417C87AB264D608800088452 /* Base */ = {isa = PBXFileReference; lastKnownFileType = file.storyboard; name = Base; path = Base.lproj/LaunchScreen.storyboard; sourceTree = "<group>"; };
		417C87AD264D608800088452 /* Info.plist */ = {isa = PBXFileReference; lastKnownFileType = text.plist.xml; path = Info.plist; sourceTree = "<group>"; };
		417C87B2264D608900088452 /* CoordinatorExampleTests.xctest */ = {isa = PBXFileReference; explicitFileType = wrapper.cfbundle; includeInIndex = 0; path = CoordinatorExampleTests.xctest; sourceTree = BUILT_PRODUCTS_DIR; };
		417C87B6264D608900088452 /* CoordinatorExampleTests.swift */ = {isa = PBXFileReference; lastKnownFileType = sourcecode.swift; path = CoordinatorExampleTests.swift; sourceTree = "<group>"; };
		417C87B8264D608900088452 /* Info.plist */ = {isa = PBXFileReference; lastKnownFileType = text.plist.xml; path = Info.plist; sourceTree = "<group>"; };
		417C87BD264D608900088452 /* CoordinatorExampleUITests.xctest */ = {isa = PBXFileReference; explicitFileType = wrapper.cfbundle; includeInIndex = 0; path = CoordinatorExampleUITests.xctest; sourceTree = BUILT_PRODUCTS_DIR; };
		417C87C1264D608900088452 /* CoordinatorExampleUITests.swift */ = {isa = PBXFileReference; lastKnownFileType = sourcecode.swift; path = CoordinatorExampleUITests.swift; sourceTree = "<group>"; };
		417C87C3264D608900088452 /* Info.plist */ = {isa = PBXFileReference; lastKnownFileType = text.plist.xml; path = Info.plist; sourceTree = "<group>"; };
		417C87D3264D611A00088452 /* Coordinator.swift */ = {isa = PBXFileReference; lastKnownFileType = sourcecode.swift; path = Coordinator.swift; sourceTree = "<group>"; };
		417C87D8264D615100088452 /* Storyboarded.swift */ = {isa = PBXFileReference; lastKnownFileType = sourcecode.swift; path = Storyboarded.swift; sourceTree = "<group>"; };
		417C87DE264D61F600088452 /* MainCoordinator.swift */ = {isa = PBXFileReference; lastKnownFileType = sourcecode.swift; path = MainCoordinator.swift; sourceTree = "<group>"; };
		417C87E6264D62D400088452 /* BuyViewController.swift */ = {isa = PBXFileReference; lastKnownFileType = sourcecode.swift; path = BuyViewController.swift; sourceTree = "<group>"; };
		417C87EB264D633700088452 /* AccountViewController.swift */ = {isa = PBXFileReference; lastKnownFileType = sourcecode.swift; path = AccountViewController.swift; sourceTree = "<group>"; };
		417C87F4264D65DB00088452 /* Extensions.swift */ = {isa = PBXFileReference; lastKnownFileType = sourcecode.swift; path = Extensions.swift; sourceTree = "<group>"; };
/* End PBXFileReference section */

/* Begin PBXFrameworksBuildPhase section */
		417C8799264D608200088452 /* Frameworks */ = {
			isa = PBXFrameworksBuildPhase;
			buildActionMask = 2147483647;
			files = (
			);
			runOnlyForDeploymentPostprocessing = 0;
		};
		417C87AF264D608900088452 /* Frameworks */ = {
			isa = PBXFrameworksBuildPhase;
			buildActionMask = 2147483647;
			files = (
			);
			runOnlyForDeploymentPostprocessing = 0;
		};
		417C87BA264D608900088452 /* Frameworks */ = {
			isa = PBXFrameworksBuildPhase;
			buildActionMask = 2147483647;
			files = (
			);
			runOnlyForDeploymentPostprocessing = 0;
		};
/* End PBXFrameworksBuildPhase section */

/* Begin PBXGroup section */
		417C8793264D608200088452 = {
			isa = PBXGroup;
			children = (
				417C879E264D608200088452 /* CoordinatorExample */,
				417C87B5264D608900088452 /* CoordinatorExampleTests */,
				417C87C0264D608900088452 /* CoordinatorExampleUITests */,
				417C879D264D608200088452 /* Products */,
			);
			sourceTree = "<group>";
		};
		417C879D264D608200088452 /* Products */ = {
			isa = PBXGroup;
			children = (
				417C879C264D608200088452 /* CoordinatorExample.app */,
				417C87B2264D608900088452 /* CoordinatorExampleTests.xctest */,
				417C87BD264D608900088452 /* CoordinatorExampleUITests.xctest */,
			);
			name = Products;
			sourceTree = "<group>";
		};
		417C879E264D608200088452 /* CoordinatorExample */ = {
			isa = PBXGroup;
			children = (
				417C87F3264D65D100088452 /* Extensions */,
				417C87DD264D61EC00088452 /* Coordinator */,
				417C87D2264D610F00088452 /* Protocols */,
				417C879F264D608200088452 /* AppDelegate.swift */,
				417C87A1264D608200088452 /* SceneDelegate.swift */,
				417C87A3264D608200088452 /* ViewController.swift */,
				417C87E6264D62D400088452 /* BuyViewController.swift */,
				417C87A5264D608200088452 /* Main.storyboard */,
				417C87A8264D608800088452 /* Assets.xcassets */,
				417C87AA264D608800088452 /* LaunchScreen.storyboard */,
				417C87AD264D608800088452 /* Info.plist */,
				417C87EB264D633700088452 /* AccountViewController.swift */,
			);
			path = CoordinatorExample;
			sourceTree = "<group>";
		};
		417C87B5264D608900088452 /* CoordinatorExampleTests */ = {
			isa = PBXGroup;
			children = (
				417C87B6264D608900088452 /* CoordinatorExampleTests.swift */,
				417C87B8264D608900088452 /* Info.plist */,
			);
			path = CoordinatorExampleTests;
			sourceTree = "<group>";
		};
		417C87C0264D608900088452 /* CoordinatorExampleUITests */ = {
			isa = PBXGroup;
			children = (
				417C87C1264D608900088452 /* CoordinatorExampleUITests.swift */,
				417C87C3264D608900088452 /* Info.plist */,
			);
			path = CoordinatorExampleUITests;
			sourceTree = "<group>";
		};
		417C87D2264D610F00088452 /* Protocols */ = {
			isa = PBXGroup;
			children = (
				417C87D3264D611A00088452 /* Coordinator.swift */,
				417C87D8264D615100088452 /* Storyboarded.swift */,
			);
			path = Protocols;
			sourceTree = "<group>";
		};
		417C87DD264D61EC00088452 /* Coordinator */ = {
			isa = PBXGroup;
			children = (
				417C87DE264D61F600088452 /* MainCoordinator.swift */,
			);
			path = Coordinator;
			sourceTree = "<group>";
		};
		417C87F3264D65D100088452 /* Extensions */ = {
			isa = PBXGroup;
			children = (
				417C87F4264D65DB00088452 /* Extensions.swift */,
			);
			path = Extensions;
			sourceTree = "<group>";
		};
/* End PBXGroup section */

/* Begin PBXNativeTarget section */
		417C879B264D608200088452 /* CoordinatorExample */ = {
			isa = PBXNativeTarget;
			buildConfigurationList = 417C87C6264D608900088452 /* Build configuration list for PBXNativeTarget "CoordinatorExample" */;
			buildPhases = (
				417C8798264D608200088452 /* Sources */,
				417C8799264D608200088452 /* Frameworks */,
				417C879A264D608200088452 /* Resources */,
			);
			buildRules = (
			);
			dependencies = (
			);
			name = CoordinatorExample;
			productName = CoordinatorExample;
			productReference = 417C879C264D608200088452 /* CoordinatorExample.app */;
			productType = "com.apple.product-type.application";
		};
		417C87B1264D608900088452 /* CoordinatorExampleTests */ = {
			isa = PBXNativeTarget;
			buildConfigurationList = 417C87C9264D608900088452 /* Build configuration list for PBXNativeTarget "CoordinatorExampleTests" */;
			buildPhases = (
				417C87AE264D608900088452 /* Sources */,
				417C87AF264D608900088452 /* Frameworks */,
				417C87B0264D608900088452 /* Resources */,
			);
			buildRules = (
			);
			dependencies = (
				417C87B4264D608900088452 /* PBXTargetDependency */,
			);
			name = CoordinatorExampleTests;
			productName = CoordinatorExampleTests;
			productReference = 417C87B2264D608900088452 /* CoordinatorExampleTests.xctest */;
			productType = "com.apple.product-type.bundle.unit-test";
		};
		417C87BC264D608900088452 /* CoordinatorExampleUITests */ = {
			isa = PBXNativeTarget;
			buildConfigurationList = 417C87CC264D608900088452 /* Build configuration list for PBXNativeTarget "CoordinatorExampleUITests" */;
			buildPhases = (
				417C87B9264D608900088452 /* Sources */,
				417C87BA264D608900088452 /* Frameworks */,
				417C87BB264D608900088452 /* Resources */,
			);
			buildRules = (
			);
			dependencies = (
				417C87BF264D608900088452 /* PBXTargetDependency */,
			);
			name = CoordinatorExampleUITests;
			productName = CoordinatorExampleUITests;
			productReference = 417C87BD264D608900088452 /* CoordinatorExampleUITests.xctest */;
			productType = "com.apple.product-type.bundle.ui-testing";
		};
/* End PBXNativeTarget section */

/* Begin PBXProject section */
		417C8794264D608200088452 /* Project object */ = {
			isa = PBXProject;
			attributes = {
				LastSwiftUpdateCheck = 1240;
				LastUpgradeCheck = 1240;
				TargetAttributes = {
					417C879B264D608200088452 = {
						CreatedOnToolsVersion = 12.4;
					};
					417C87B1264D608900088452 = {
						CreatedOnToolsVersion = 12.4;
						TestTargetID = 417C879B264D608200088452;
					};
					417C87BC264D608900088452 = {
						CreatedOnToolsVersion = 12.4;
						TestTargetID = 417C879B264D608200088452;
					};
				};
			};
			buildConfigurationList = 417C8797264D608200088452 /* Build configuration list for PBXProject "CoordinatorExample" */;
			compatibilityVersion = "Xcode 9.3";
			developmentRegion = en;
			hasScannedForEncodings = 0;
			knownRegions = (
				en,
				Base,
			);
			mainGroup = 417C8793264D608200088452;
			productRefGroup = 417C879D264D608200088452 /* Products */;
			projectDirPath = "";
			projectRoot = "";
			targets = (
				417C879B264D608200088452 /* CoordinatorExample */,
				417C87B1264D608900088452 /* CoordinatorExampleTests */,
				417C87BC264D608900088452 /* CoordinatorExampleUITests */,
			);
		};
/* End PBXProject section */

/* Begin PBXResourcesBuildPhase section */
		417C879A264D608200088452 /* Resources */ = {
			isa = PBXResourcesBuildPhase;
			buildActionMask = 2147483647;
			files = (
				417C87AC264D608800088452 /* LaunchScreen.storyboard in Resources */,
				417C87A9264D608800088452 /* Assets.xcassets in Resources */,
				417C87A7264D608200088452 /* Main.storyboard in Resources */,
			);
			runOnlyForDeploymentPostprocessing = 0;
		};
		417C87B0264D608900088452 /* Resources */ = {
			isa = PBXResourcesBuildPhase;
			buildActionMask = 2147483647;
			files = (
			);
			runOnlyForDeploymentPostprocessing = 0;
		};
		417C87BB264D608900088452 /* Resources */ = {
			isa = PBXResourcesBuildPhase;
			buildActionMask = 2147483647;
			files = (
			);
			runOnlyForDeploymentPostprocessing = 0;
		};
/* End PBXResourcesBuildPhase section */

/* Begin PBXSourcesBuildPhase section */
		417C8798264D608200088452 /* Sources */ = {
			isa = PBXSourcesBuildPhase;
			buildActionMask = 2147483647;
			files = (
				417C87D4264D611A00088452 /* Coordinator.swift in Sources */,
				417C87F5264D65DB00088452 /* Extensions.swift in Sources */,
				417C87DF264D61F600088452 /* MainCoordinator.swift in Sources */,
				417C87EC264D633700088452 /* AccountViewController.swift in Sources */,
				417C87A4264D608200088452 /* ViewController.swift in Sources */,
				417C87D9264D615100088452 /* Storyboarded.swift in Sources */,
				417C87A0264D608200088452 /* AppDelegate.swift in Sources */,
				417C87E7264D62D400088452 /* BuyViewController.swift in Sources */,
				417C87A2264D608200088452 /* SceneDelegate.swift in Sources */,
			);
			runOnlyForDeploymentPostprocessing = 0;
		};
		417C87AE264D608900088452 /* Sources */ = {
			isa = PBXSourcesBuildPhase;
			buildActionMask = 2147483647;
			files = (
				417C87B7264D608900088452 /* CoordinatorExampleTests.swift in Sources */,
			);
			runOnlyForDeploymentPostprocessing = 0;
		};
		417C87B9264D608900088452 /* Sources */ = {
			isa = PBXSourcesBuildPhase;
			buildActionMask = 2147483647;
			files = (
				417C87C2264D608900088452 /* CoordinatorExampleUITests.swift in Sources */,
			);
			runOnlyForDeploymentPostprocessing = 0;
		};
/* End PBXSourcesBuildPhase section */

/* Begin PBXTargetDependency section */
		417C87B4264D608900088452 /* PBXTargetDependency */ = {
			isa = PBXTargetDependency;
			target = 417C879B264D608200088452 /* CoordinatorExample */;
			targetProxy = 417C87B3264D608900088452 /* PBXContainerItemProxy */;
		};
		417C87BF264D608900088452 /* PBXTargetDependency */ = {
			isa = PBXTargetDependency;
			target = 417C879B264D608200088452 /* CoordinatorExample */;
			targetProxy = 417C87BE264D608900088452 /* PBXContainerItemProxy */;
		};
/* End PBXTargetDependency section */

/* Begin PBXVariantGroup section */
		417C87A5264D608200088452 /* Main.storyboard */ = {
			isa = PBXVariantGroup;
			children = (
				417C87A6264D608200088452 /* Base */,
			);
			name = Main.storyboard;
			sourceTree = "<group>";
		};
		417C87AA264D608800088452 /* LaunchScreen.storyboard */ = {
			isa = PBXVariantGroup;
			children = (
				417C87AB264D608800088452 /* Base */,
			);
			name = LaunchScreen.storyboard;
			sourceTree = "<group>";
		};
/* End PBXVariantGroup section */

/* Begin XCBuildConfiguration section */
		417C87C4264D608900088452 /* Debug */ = {
			isa = XCBuildConfiguration;
			buildSettings = {
				ALWAYS_SEARCH_USER_PATHS = NO;
				CLANG_ANALYZER_NONNULL = YES;
				CLANG_ANALYZER_NUMBER_OBJECT_CONVERSION = YES_AGGRESSIVE;
				CLANG_CXX_LANGUAGE_STANDARD = "gnu++14";
				CLANG_CXX_LIBRARY = "libc++";
				CLANG_ENABLE_MODULES = YES;
				CLANG_ENABLE_OBJC_ARC = YES;
				CLANG_ENABLE_OBJC_WEAK = YES;
				CLANG_WARN_BLOCK_CAPTURE_AUTORELEASING = YES;
				CLANG_WARN_BOOL_CONVERSION = YES;
				CLANG_WARN_COMMA = YES;
				CLANG_WARN_CONSTANT_CONVERSION = YES;
				CLANG_WARN_DEPRECATED_OBJC_IMPLEMENTATIONS = YES;
				CLANG_WARN_DIRECT_OBJC_ISA_USAGE = YES_ERROR;
				CLANG_WARN_DOCUMENTATION_COMMENTS = YES;
				CLANG_WARN_EMPTY_BODY = YES;
				CLANG_WARN_ENUM_CONVERSION = YES;
				CLANG_WARN_INFINITE_RECURSION = YES;
				CLANG_WARN_INT_CONVERSION = YES;
				CLANG_WARN_NON_LITERAL_NULL_CONVERSION = YES;
				CLANG_WARN_OBJC_IMPLICIT_RETAIN_SELF = YES;
				CLANG_WARN_OBJC_LITERAL_CONVERSION = YES;
				CLANG_WARN_OBJC_ROOT_CLASS = YES_ERROR;
				CLANG_WARN_QUOTED_INCLUDE_IN_FRAMEWORK_HEADER = YES;
				CLANG_WARN_RANGE_LOOP_ANALYSIS = YES;
				CLANG_WARN_STRICT_PROTOTYPES = YES;
				CLANG_WARN_SUSPICIOUS_MOVE = YES;
				CLANG_WARN_UNGUARDED_AVAILABILITY = YES_AGGRESSIVE;
				CLANG_WARN_UNREACHABLE_CODE = YES;
				CLANG_WARN__DUPLICATE_METHOD_MATCH = YES;
				COPY_PHASE_STRIP = NO;
				DEBUG_INFORMATION_FORMAT = dwarf;
				ENABLE_STRICT_OBJC_MSGSEND = YES;
				ENABLE_TESTABILITY = YES;
				GCC_C_LANGUAGE_STANDARD = gnu11;
				GCC_DYNAMIC_NO_PIC = NO;
				GCC_NO_COMMON_BLOCKS = YES;
				GCC_OPTIMIZATION_LEVEL = 0;
				GCC_PREPROCESSOR_DEFINITIONS = (
					"DEBUG=1",
					"$(inherited)",
				);
				GCC_WARN_64_TO_32_BIT_CONVERSION = YES;
				GCC_WARN_ABOUT_RETURN_TYPE = YES_ERROR;
				GCC_WARN_UNDECLARED_SELECTOR = YES;
				GCC_WARN_UNINITIALIZED_AUTOS = YES_AGGRESSIVE;
				GCC_WARN_UNUSED_FUNCTION = YES;
				GCC_WARN_UNUSED_VARIABLE = YES;
				IPHONEOS_DEPLOYMENT_TARGET = 14.4;
				MTL_ENABLE_DEBUG_INFO = INCLUDE_SOURCE;
				MTL_FAST_MATH = YES;
				ONLY_ACTIVE_ARCH = YES;
				SDKROOT = iphoneos;
				SWIFT_ACTIVE_COMPILATION_CONDITIONS = DEBUG;
				SWIFT_OPTIMIZATION_LEVEL = "-Onone";
			};
			name = Debug;
		};
		417C87C5264D608900088452 /* Release */ = {
			isa = XCBuildConfiguration;
			buildSettings = {
				ALWAYS_SEARCH_USER_PATHS = NO;
				CLANG_ANALYZER_NONNULL = YES;
				CLANG_ANALYZER_NUMBER_OBJECT_CONVERSION = YES_AGGRESSIVE;
				CLANG_CXX_LANGUAGE_STANDARD = "gnu++14";
				CLANG_CXX_LIBRARY = "libc++";
				CLANG_ENABLE_MODULES = YES;
				CLANG_ENABLE_OBJC_ARC = YES;
				CLANG_ENABLE_OBJC_WEAK = YES;
				CLANG_WARN_BLOCK_CAPTURE_AUTORELEASING = YES;
				CLANG_WARN_BOOL_CONVERSION = YES;
				CLANG_WARN_COMMA = YES;
				CLANG_WARN_CONSTANT_CONVERSION = YES;
				CLANG_WARN_DEPRECATED_OBJC_IMPLEMENTATIONS = YES;
				CLANG_WARN_DIRECT_OBJC_ISA_USAGE = YES_ERROR;
				CLANG_WARN_DOCUMENTATION_COMMENTS = YES;
				CLANG_WARN_EMPTY_BODY = YES;
				CLANG_WARN_ENUM_CONVERSION = YES;
				CLANG_WARN_INFINITE_RECURSION = YES;
				CLANG_WARN_INT_CONVERSION = YES;
				CLANG_WARN_NON_LITERAL_NULL_CONVERSION = YES;
				CLANG_WARN_OBJC_IMPLICIT_RETAIN_SELF = YES;
				CLANG_WARN_OBJC_LITERAL_CONVERSION = YES;
				CLANG_WARN_OBJC_ROOT_CLASS = YES_ERROR;
				CLANG_WARN_QUOTED_INCLUDE_IN_FRAMEWORK_HEADER = YES;
				CLANG_WARN_RANGE_LOOP_ANALYSIS = YES;
				CLANG_WARN_STRICT_PROTOTYPES = YES;
				CLANG_WARN_SUSPICIOUS_MOVE = YES;
				CLANG_WARN_UNGUARDED_AVAILABILITY = YES_AGGRESSIVE;
				CLANG_WARN_UNREACHABLE_CODE = YES;
				CLANG_WARN__DUPLICATE_METHOD_MATCH = YES;
				COPY_PHASE_STRIP = NO;
				DEBUG_INFORMATION_FORMAT = "dwarf-with-dsym";
				ENABLE_NS_ASSERTIONS = NO;
				ENABLE_STRICT_OBJC_MSGSEND = YES;
				GCC_C_LANGUAGE_STANDARD = gnu11;
				GCC_NO_COMMON_BLOCKS = YES;
				GCC_WARN_64_TO_32_BIT_CONVERSION = YES;
				GCC_WARN_ABOUT_RETURN_TYPE = YES_ERROR;
				GCC_WARN_UNDECLARED_SELECTOR = YES;
				GCC_WARN_UNINITIALIZED_AUTOS = YES_AGGRESSIVE;
				GCC_WARN_UNUSED_FUNCTION = YES;
				GCC_WARN_UNUSED_VARIABLE = YES;
				IPHONEOS_DEPLOYMENT_TARGET = 14.4;
				MTL_ENABLE_DEBUG_INFO = NO;
				MTL_FAST_MATH = YES;
				SDKROOT = iphoneos;
				SWIFT_COMPILATION_MODE = wholemodule;
				SWIFT_OPTIMIZATION_LEVEL = "-O";
				VALIDATE_PRODUCT = YES;
			};
			name = Release;
		};
		417C87C7264D608900088452 /* Debug */ = {
			isa = XCBuildConfiguration;
			buildSettings = {
				ASSETCATALOG_COMPILER_APPICON_NAME = AppIcon;
				ASSETCATALOG_COMPILER_GLOBAL_ACCENT_COLOR_NAME = AccentColor;
				CODE_SIGN_STYLE = Automatic;
				DEVELOPMENT_TEAM = CPDNCAZJQ6;
				INFOPLIST_FILE = CoordinatorExample/Info.plist;
				LD_RUNPATH_SEARCH_PATHS = (
					"$(inherited)",
					"@executable_path/Frameworks",
				);
				PRODUCT_BUNDLE_IDENTIFIER = com.renatomateusx.CoordinatorExample;
				PRODUCT_NAME = "$(TARGET_NAME)";
				SWIFT_VERSION = 5.0;
				TARGETED_DEVICE_FAMILY = "1,2";
			};
			name = Debug;
		};
		417C87C8264D608900088452 /* Release */ = {
			isa = XCBuildConfiguration;
			buildSettings = {
				ASSETCATALOG_COMPILER_APPICON_NAME = AppIcon;
				ASSETCATALOG_COMPILER_GLOBAL_ACCENT_COLOR_NAME = AccentColor;
				CODE_SIGN_STYLE = Automatic;
				DEVELOPMENT_TEAM = CPDNCAZJQ6;
				INFOPLIST_FILE = CoordinatorExample/Info.plist;
				LD_RUNPATH_SEARCH_PATHS = (
					"$(inherited)",
					"@executable_path/Frameworks",
				);
				PRODUCT_BUNDLE_IDENTIFIER = com.renatomateusx.CoordinatorExample;
				PRODUCT_NAME = "$(TARGET_NAME)";
				SWIFT_VERSION = 5.0;
				TARGETED_DEVICE_FAMILY = "1,2";
			};
			name = Release;
		};
		417C87CA264D608900088452 /* Debug */ = {
			isa = XCBuildConfiguration;
			buildSettings = {
				ALWAYS_EMBED_SWIFT_STANDARD_LIBRARIES = YES;
				BUNDLE_LOADER = "$(TEST_HOST)";
				CODE_SIGN_STYLE = Automatic;
				DEVELOPMENT_TEAM = CPDNCAZJQ6;
				INFOPLIST_FILE = CoordinatorExampleTests/Info.plist;
				IPHONEOS_DEPLOYMENT_TARGET = 14.4;
				LD_RUNPATH_SEARCH_PATHS = (
					"$(inherited)",
					"@executable_path/Frameworks",
					"@loader_path/Frameworks",
				);
				PRODUCT_BUNDLE_IDENTIFIER = com.renatomateusx.CoordinatorExampleTests;
				PRODUCT_NAME = "$(TARGET_NAME)";
				SWIFT_VERSION = 5.0;
				TARGETED_DEVICE_FAMILY = "1,2";
				TEST_HOST = "$(BUILT_PRODUCTS_DIR)/CoordinatorExample.app/CoordinatorExample";
			};
			name = Debug;
		};
		417C87CB264D608900088452 /* Release */ = {
			isa = XCBuildConfiguration;
			buildSettings = {
				ALWAYS_EMBED_SWIFT_STANDARD_LIBRARIES = YES;
				BUNDLE_LOADER = "$(TEST_HOST)";
				CODE_SIGN_STYLE = Automatic;
				DEVELOPMENT_TEAM = CPDNCAZJQ6;
				INFOPLIST_FILE = CoordinatorExampleTests/Info.plist;
				IPHONEOS_DEPLOYMENT_TARGET = 14.4;
				LD_RUNPATH_SEARCH_PATHS = (
					"$(inherited)",
					"@executable_path/Frameworks",
					"@loader_path/Frameworks",
				);
				PRODUCT_BUNDLE_IDENTIFIER = com.renatomateusx.CoordinatorExampleTests;
				PRODUCT_NAME = "$(TARGET_NAME)";
				SWIFT_VERSION = 5.0;
				TARGETED_DEVICE_FAMILY = "1,2";
				TEST_HOST = "$(BUILT_PRODUCTS_DIR)/CoordinatorExample.app/CoordinatorExample";
			};
			name = Release;
		};
		417C87CD264D608900088452 /* Debug */ = {
			isa = XCBuildConfiguration;
			buildSettings = {
				ALWAYS_EMBED_SWIFT_STANDARD_LIBRARIES = YES;
				CODE_SIGN_STYLE = Automatic;
				DEVELOPMENT_TEAM = CPDNCAZJQ6;
				INFOPLIST_FILE = CoordinatorExampleUITests/Info.plist;
				LD_RUNPATH_SEARCH_PATHS = (
					"$(inherited)",
					"@executable_path/Frameworks",
					"@loader_path/Frameworks",
				);
				PRODUCT_BUNDLE_IDENTIFIER = com.renatomateusx.CoordinatorExampleUITests;
				PRODUCT_NAME = "$(TARGET_NAME)";
				SWIFT_VERSION = 5.0;
				TARGETED_DEVICE_FAMILY = "1,2";
				TEST_TARGET_NAME = CoordinatorExample;
			};
			name = Debug;
		};
		417C87CE264D608900088452 /* Release */ = {
			isa = XCBuildConfiguration;
			buildSettings = {
				ALWAYS_EMBED_SWIFT_STANDARD_LIBRARIES = YES;
				CODE_SIGN_STYLE = Automatic;
				DEVELOPMENT_TEAM = CPDNCAZJQ6;
				INFOPLIST_FILE = CoordinatorExampleUITests/Info.plist;
				LD_RUNPATH_SEARCH_PATHS = (
					"$(inherited)",
					"@executable_path/Frameworks",
					"@loader_path/Frameworks",
				);
				PRODUCT_BUNDLE_IDENTIFIER = com.renatomateusx.CoordinatorExampleUITests;
				PRODUCT_NAME = "$(TARGET_NAME)";
				SWIFT_VERSION = 5.0;
				TARGETED_DEVICE_FAMILY = "1,2";
				TEST_TARGET_NAME = CoordinatorExample;
			};
			name = Release;
		};
/* End XCBuildConfiguration section */

/* Begin XCConfigurationList section */
		417C8797264D608200088452 /* Build configuration list for PBXProject "CoordinatorExample" */ = {
			isa = XCConfigurationList;
			buildConfigurations = (
				417C87C4264D608900088452 /* Debug */,
				417C87C5264D608900088452 /* Release */,
			);
			defaultConfigurationIsVisible = 0;
			defaultConfigurationName = Release;
		};
		417C87C6264D608900088452 /* Build configuration list for PBXNativeTarget "CoordinatorExample" */ = {
			isa = XCConfigurationList;
			buildConfigurations = (
				417C87C7264D608900088452 /* Debug */,
				417C87C8264D608900088452 /* Release */,
			);
			defaultConfigurationIsVisible = 0;
			defaultConfigurationName = Release;
		};
		417C87C9264D608900088452 /* Build configuration list for PBXNativeTarget "CoordinatorExampleTests" */ = {
			isa = XCConfigurationList;
			buildConfigurations = (
				417C87CA264D608900088452 /* Debug */,
				417C87CB264D608900088452 /* Release */,
			);
			defaultConfigurationIsVisible = 0;
			defaultConfigurationName = Release;
		};
		417C87CC264D608900088452 /* Build configuration list for PBXNativeTarget "CoordinatorExampleUITests" */ = {
			isa = XCConfigurationList;
			buildConfigurations = (
				417C87CD264D608900088452 /* Debug */,
				417C87CE264D608900088452 /* Release */,
			);
			defaultConfigurationIsVisible = 0;
			defaultConfigurationName = Release;
		};
/* End XCConfigurationList section */
	};
	rootObject = 417C8794264D608200088452 /* Project object */;
}
